// !$*UTF8*$!
{
	archiveVersion = 1;
	classes = {
	};
	objectVersion = 46;
	objects = {

/* Begin PBXBuildFile section */
		11FF755A1DAC13DB00B9D880 /* AppDelegate.swift in Sources */ = {isa = PBXBuildFile; fileRef = 11FF75591DAC13DB00B9D880 /* AppDelegate.swift */; };
		11FF755C1DAC13DB00B9D880 /* ViewController.swift in Sources */ = {isa = PBXBuildFile; fileRef = 11FF755B1DAC13DB00B9D880 /* ViewController.swift */; };
		11FF755F1DAC13DB00B9D880 /* Main.storyboard in Resources */ = {isa = PBXBuildFile; fileRef = 11FF755D1DAC13DB00B9D880 /* Main.storyboard */; };
		11FF75621DAC13DB00B9D880 /* homeInventory.xcdatamodeld in Sources */ = {isa = PBXBuildFile; fileRef = 11FF75601DAC13DB00B9D880 /* homeInventory.xcdatamodeld */; };
		11FF75641DAC13DB00B9D880 /* Assets.xcassets in Resources */ = {isa = PBXBuildFile; fileRef = 11FF75631DAC13DB00B9D880 /* Assets.xcassets */; };
		11FF75671DAC13DB00B9D880 /* LaunchScreen.storyboard in Resources */ = {isa = PBXBuildFile; fileRef = 11FF75651DAC13DB00B9D880 /* LaunchScreen.storyboard */; };
/* End PBXBuildFile section */

/* Begin PBXFileReference section */
		11FF75561DAC13DB00B9D880 /* homeInventory.app */ = {isa = PBXFileReference; explicitFileType = wrapper.application; includeInIndex = 0; path = homeInventory.app; sourceTree = BUILT_PRODUCTS_DIR; };
		11FF75591DAC13DB00B9D880 /* AppDelegate.swift */ = {isa = PBXFileReference; lastKnownFileType = sourcecode.swift; path = AppDelegate.swift; sourceTree = "<group>"; };
		11FF755B1DAC13DB00B9D880 /* ViewController.swift */ = {isa = PBXFileReference; lastKnownFileType = sourcecode.swift; path = ViewController.swift; sourceTree = "<group>"; };
		11FF755E1DAC13DB00B9D880 /* Base */ = {isa = PBXFileReference; lastKnownFileType = file.storyboard; name = Base; path = Base.lproj/Main.storyboard; sourceTree = "<group>"; };
		11FF75611DAC13DB00B9D880 /* homeInventory.xcdatamodel */ = {isa = PBXFileReference; lastKnownFileType = wrapper.xcdatamodel; path = homeInventory.xcdatamodel; sourceTree = "<group>"; };
		11FF75631DAC13DB00B9D880 /* Assets.xcassets */ = {isa = PBXFileReference; lastKnownFileType = folder.assetcatalog; path = Assets.xcassets; sourceTree = "<group>"; };
		11FF75661DAC13DB00B9D880 /* Base */ = {isa = PBXFileReference; lastKnownFileType = file.storyboard; name = Base; path = Base.lproj/LaunchScreen.storyboard; sourceTree = "<group>"; };
		11FF75681DAC13DB00B9D880 /* Info.plist */ = {isa = PBXFileReference; lastKnownFileType = text.plist.xml; path = Info.plist; sourceTree = "<group>"; };
/* End PBXFileReference section */

/* Begin PBXFrameworksBuildPhase section */
		11FF75531DAC13DB00B9D880 /* Frameworks */ = {
			isa = PBXFrameworksBuildPhase;
			buildActionMask = 2147483647;
			files = (
			);
			runOnlyForDeploymentPostprocessing = 0;
		};
/* End PBXFrameworksBuildPhase section */

/* Begin PBXGroup section */
		11FF754D1DAC13DB00B9D880 = {
			isa = PBXGroup;
			children = (
				11FF75581DAC13DB00B9D880 /* homeInventory */,
				11FF75571DAC13DB00B9D880 /* Products */,
			);
			sourceTree = "<group>";
		};
		11FF75571DAC13DB00B9D880 /* Products */ = {
			isa = PBXGroup;
			children = (
				11FF75561DAC13DB00B9D880 /* homeInventory.app */,
			);
			name = Products;
			sourceTree = "<group>";
		};
		11FF75581DAC13DB00B9D880 /* homeInventory */ = {
			isa = PBXGroup;
			children = (
				11FF75591DAC13DB00B9D880 /* AppDelegate.swift */,
				11FF755B1DAC13DB00B9D880 /* ViewController.swift */,
				11FF755D1DAC13DB00B9D880 /* Main.storyboard */,
				11FF75631DAC13DB00B9D880 /* Assets.xcassets */,
				11FF75651DAC13DB00B9D880 /* LaunchScreen.storyboard */,
				11FF75681DAC13DB00B9D880 /* Info.plist */,
				11FF75601DAC13DB00B9D880 /* homeInventory.xcdatamodeld */,
			);
			path = homeInventory;
			sourceTree = "<group>";
		};
/* End PBXGroup section */

/* Begin PBXNativeTarget section */
		11FF75551DAC13DB00B9D880 /* homeInventory */ = {
			isa = PBXNativeTarget;
			buildConfigurationList = 11FF756B1DAC13DB00B9D880 /* Build configuration list for PBXNativeTarget "homeInventory" */;
			buildPhases = (
				11FF75521DAC13DB00B9D880 /* Sources */,
				11FF75531DAC13DB00B9D880 /* Frameworks */,
				11FF75541DAC13DB00B9D880 /* Resources */,
			);
			buildRules = (
			);
			dependencies = (
			);
			name = homeInventory;
			productName = homeInventory;
			productReference = 11FF75561DAC13DB00B9D880 /* homeInventory.app */;
			productType = "com.apple.product-type.application";
		};
/* End PBXNativeTarget section */

/* Begin PBXProject section */
		11FF754E1DAC13DB00B9D880 /* Project object */ = {
			isa = PBXProject;
			attributes = {
				LastSwiftUpdateCheck = 0730;
				LastUpgradeCheck = 0730;
				ORGANIZATIONNAME = "Cannon, James Alex";
				TargetAttributes = {
					11FF75551DAC13DB00B9D880 = {
						CreatedOnToolsVersion = 7.3.1;
					};
				};
			};
			buildConfigurationList = 11FF75511DAC13DB00B9D880 /* Build configuration list for PBXProject "homeInventory" */;
			compatibilityVersion = "Xcode 3.2";
			developmentRegion = English;
			hasScannedForEncodings = 0;
			knownRegions = (
				en,
				Base,
			);
			mainGroup = 11FF754D1DAC13DB00B9D880;
			productRefGroup = 11FF75571DAC13DB00B9D880 /* Products */;
			projectDirPath = "";
			projectRoot = "";
			targets = (
				11FF75551DAC13DB00B9D880 /* homeInventory */,
			);
		};
/* End PBXProject section */

/* Begin PBXResourcesBuildPhase section */
		11FF75541DAC13DB00B9D880 /* Resources */ = {
			isa = PBXResourcesBuildPhase;
			buildActionMask = 2147483647;
			files = (
				11FF75671DAC13DB00B9D880 /* LaunchScreen.storyboard in Resources */,
				11FF75641DAC13DB00B9D880 /* Assets.xcassets in Resources */,
				11FF755F1DAC13DB00B9D880 /* Main.storyboard in Resources */,
			);
			runOnlyForDeploymentPostprocessing = 0;
		};
/* End PBXResourcesBuildPhase section */

/* Begin PBXSourcesBuildPhase section */
		11FF75521DAC13DB00B9D880 /* Sources */ = {
			isa = PBXSourcesBuildPhase;
			buildActionMask = 2147483647;
			files = (
				11FF755C1DAC13DB00B9D880 /* ViewController.swift in Sources */,
				11FF755A1DAC13DB00B9D880 /* AppDelegate.swift in Sources */,
				11FF75621DAC13DB00B9D880 /* homeInventory.xcdatamodeld in Sources */,
			);
			runOnlyForDeploymentPostprocessing = 0;
		};
/* End PBXSourcesBuildPhase section */

/* Begin PBXVariantGroup section */
		11FF755D1DAC13DB00B9D880 /* Main.storyboard */ = {
			isa = PBXVariantGroup;
			children = (
				11FF755E1DAC13DB00B9D880 /* Base */,
			);
			name = Main.storyboard;
			sourceTree = "<group>";
		};
		11FF75651DAC13DB00B9D880 /* LaunchScreen.storyboard */ = {
			isa = PBXVariantGroup;
			children = (
				11FF75661DAC13DB00B9D880 /* Base */,
			);
			name = LaunchScreen.storyboard;
			sourceTree = "<group>";
		};
/* End PBXVariantGroup section */

/* Begin XCBuildConfiguration section */
		11FF75691DAC13DB00B9D880 /* Debug */ = {
			isa = XCBuildConfiguration;
			buildSettings = {
				ALWAYS_SEARCH_USER_PATHS = NO;
				CLANG_ANALYZER_NONNULL = YES;
				CLANG_CXX_LANGUAGE_STANDARD = "gnu++0x";
				CLANG_CXX_LIBRARY = "libc++";
				CLANG_ENABLE_MODULES = YES;
				CLANG_ENABLE_OBJC_ARC = YES;
				CLANG_WARN_BOOL_CONVERSION = YES;
				CLANG_WARN_CONSTANT_CONVERSION = YES;
				CLANG_WARN_DIRECT_OBJC_ISA_USAGE = YES_ERROR;
				CLANG_WARN_EMPTY_BODY = YES;
				CLANG_WARN_ENUM_CONVERSION = YES;
				CLANG_WARN_INT_CONVERSION = YES;
				CLANG_WARN_OBJC_ROOT_CLASS = YES_ERROR;
				CLANG_WARN_UNREACHABLE_CODE = YES;
				CLANG_WARN__DUPLICATE_METHOD_MATCH = YES;
				"CODE_SIGN_IDENTITY[sdk=iphoneos*]" = "iPhone Developer";
				COPY_PHASE_STRIP = NO;
				DEBUG_INFORMATION_FORMAT = dwarf;
				ENABLE_STRICT_OBJC_MSGSEND = YES;
				ENABLE_TESTABILITY = YES;
				GCC_C_LANGUAGE_STANDARD = gnu99;
				GCC_DYNAMIC_NO_PIC = NO;
				GCC_NO_COMMON_BLOCKS = YES;
				GCC_OPTIMIZATION_LEVEL = 0;
				GCC_PREPROCESSOR_DEFINITIONS = (
					"DEBUG=1",
					"$(inherited)",
				);
				GCC_WARN_64_TO_32_BIT_CONVERSION = YES;
				GCC_WARN_ABOUT_RETURN_TYPE = YES_ERROR;
				GCC_WARN_UNDECLARED_SELECTOR = YES;
				GCC_WARN_UNINITIALIZED_AUTOS = YES_AGGRESSIVE;
				GCC_WARN_UNUSED_FUNCTION = YES;
				GCC_WARN_UNUSED_VARIABLE = YES;
				IPHONEOS_DEPLOYMENT_TARGET = 9.3;
				MTL_ENABLE_DEBUG_INFO = YES;
				ONLY_ACTIVE_ARCH = YES;
				SDKROOT = iphoneos;
				SWIFT_OPTIMIZATION_LEVEL = "-Onone";
			};
			name = Debug;
		};
		11FF756A1DAC13DB00B9D880 /* Release */ = {
			isa = XCBuildConfiguration;
			buildSettings = {
				ALWAYS_SEARCH_USER_PATHS = NO;
				CLANG_ANALYZER_NONNULL = YES;
				CLANG_CXX_LANGUAGE_STANDARD = "gnu++0x";
				CLANG_CXX_LIBRARY = "libc++";
				CLANG_ENABLE_MODULES = YES;
				CLANG_ENABLE_OBJC_ARC = YES;
				CLANG_WARN_BOOL_CONVERSION = YES;
				CLANG_WARN_CONSTANT_CONVERSION = YES;
				CLANG_WARN_DIRECT_OBJC_ISA_USAGE = YES_ERROR;
				CLANG_WARN_EMPTY_BODY = YES;
				CLANG_WARN_ENUM_CONVERSION = YES;
				CLANG_WARN_INT_CONVERSION = YES;
				CLANG_WARN_OBJC_ROOT_CLASS = YES_ERROR;
				CLANG_WARN_UNREACHABLE_CODE = YES;
				CLANG_WARN__DUPLICATE_METHOD_MATCH = YES;
				"CODE_SIGN_IDENTITY[sdk=iphoneos*]" = "iPhone Developer";
				COPY_PHASE_STRIP = NO;
				DEBUG_INFORMATION_FORMAT = "dwarf-with-dsym";
				ENABLE_NS_ASSERTIONS = NO;
				ENABLE_STRICT_OBJC_MSGSEND = YES;
				GCC_C_LANGUAGE_STANDARD = gnu99;
				GCC_NO_COMMON_BLOCKS = YES;
				GCC_WARN_64_TO_32_BIT_CONVERSION = YES;
				GCC_WARN_ABOUT_RETURN_TYPE = YES_ERROR;
				GCC_WARN_UNDECLARED_SELECTOR = YES;
				GCC_WARN_UNINITIALIZED_AUTOS = YES_AGGRESSIVE;
				GCC_WARN_UNUSED_FUNCTION = YES;
				GCC_WARN_UNUSED_VARIABLE = YES;
				IPHONEOS_DEPLOYMENT_TARGET = 9.3;
				MTL_ENABLE_DEBUG_INFO = NO;
				SDKROOT = iphoneos;
				VALIDATE_PRODUCT = YES;
			};
			name = Release;
		};
		11FF756C1DAC13DB00B9D880 /* Debug */ = {
			isa = XCBuildConfiguration;
			buildSettings = {
				ASSETCATALOG_COMPILER_APPICON_NAME = AppIcon;
				INFOPLIST_FILE = homeInventory/Info.plist;
				LD_RUNPATH_SEARCH_PATHS = "$(inherited) @executable_path/Frameworks";
				PRODUCT_BUNDLE_IDENTIFIER = iupui.homeInventory;
				PRODUCT_NAME = "$(TARGET_NAME)";
			};
			name = Debug;
		};
		11FF756D1DAC13DB00B9D880 /* Release */ = {
			isa = XCBuildConfiguration;
			buildSettings = {
				ASSETCATALOG_COMPILER_APPICON_NAME = AppIcon;
				INFOPLIST_FILE = homeInventory/Info.plist;
				LD_RUNPATH_SEARCH_PATHS = "$(inherited) @executable_path/Frameworks";
				PRODUCT_BUNDLE_IDENTIFIER = iupui.homeInventory;
				PRODUCT_NAME = "$(TARGET_NAME)";
			};
			name = Release;
		};
/* End XCBuildConfiguration section */

/* Begin XCConfigurationList section */
		11FF75511DAC13DB00B9D880 /* Build configuration list for PBXProject "homeInventory" */ = {
			isa = XCConfigurationList;
			buildConfigurations = (
				11FF75691DAC13DB00B9D880 /* Debug */,
				11FF756A1DAC13DB00B9D880 /* Release */,
			);
			defaultConfigurationIsVisible = 0;
			defaultConfigurationName = Release;
		};
		11FF756B1DAC13DB00B9D880 /* Build configuration list for PBXNativeTarget "homeInventory" */ = {
			isa = XCConfigurationList;
			buildConfigurations = (
				11FF756C1DAC13DB00B9D880 /* Debug */,
				11FF756D1DAC13DB00B9D880 /* Release */,
			);
			defaultConfigurationIsVisible = 0;
		};
/* End XCConfigurationList section */

/* Begin XCVersionGroup section */
		11FF75601DAC13DB00B9D880 /* homeInventory.xcdatamodeld */ = {
			isa = XCVersionGroup;
			children = (
				11FF75611DAC13DB00B9D880 /* homeInventory.xcdatamodel */,
			);
			currentVersion = 11FF75611DAC13DB00B9D880 /* homeInventory.xcdatamodel */;
			path = homeInventory.xcdatamodeld;
			sourceTree = "<group>";
			versionGroupType = wrapper.xcdatamodel;
		};
/* End XCVersionGroup section */
	};
	rootObject = 11FF754E1DAC13DB00B9D880 /* Project object */;
}
